
Microsoft Visual Studio Solution File, Format Version 12.00
# Visual Studio Version 17
VisualStudioVersion = 17.0.31903.59
MinimumVisualStudioVersion = 10.0.40219.1
Project("{FAE04EC0-301F-11D3-BF4B-00C04F79EFBC}") = "Authentication", "Authentication\Authentication.csproj", "{01AE3452-5A51-4500-A4BD-56673C21A943}"
EndProject
Project("{FAE04EC0-301F-11D3-BF4B-00C04F79EFBC}") = "IdentityApi", "IdentityApi\IdentityApi.csproj", "{C9CFDCA0-9706-4406-8AAE-8D07C9B7828D}"
EndProject
Global
	GlobalSection(SolutionConfigurationPlatforms) = preSolution
		Debug|Any CPU = Debug|Any CPU
		Release|Any CPU = Release|Any CPU
	EndGlobalSection
	GlobalSection(SolutionProperties) = preSolution
		HideSolutionNode = FALSE
	EndGlobalSection
	GlobalSection(ProjectConfigurationPlatforms) = postSolution
		{01AE3452-5A51-4500-A4BD-56673C21A943}.Debug|Any CPU.ActiveCfg = Debug|Any CPU
		{01AE3452-5A51-4500-A4BD-56673C21A943}.Debug|Any CPU.Build.0 = Debug|Any CPU
		{01AE3452-5A51-4500-A4BD-56673C21A943}.Release|Any CPU.ActiveCfg = Release|Any CPU
		{01AE3452-5A51-4500-A4BD-56673C21A943}.Release|Any CPU.Build.0 = Release|Any CPU
		{C9CFDCA0-9706-4406-8AAE-8D07C9B7828D}.Debug|Any CPU.ActiveCfg = Debug|Any CPU
		{C9CFDCA0-9706-4406-8AAE-8D07C9B7828D}.Debug|Any CPU.Build.0 = Debug|Any CPU
		{C9CFDCA0-9706-4406-8AAE-8D07C9B7828D}.Release|Any CPU.ActiveCfg = Release|Any CPU
		{C9CFDCA0-9706-4406-8AAE-8D07C9B7828D}.Release|Any CPU.Build.0 = Release|Any CPU
	EndGlobalSection
EndGlobal
